
Microsoft Visual Studio Solution File, Format Version 12.00
# Visual Studio Version 17
VisualStudioVersion = 17.6.33712.159
MinimumVisualStudioVersion = 10.0.40219.1
Project("{FAE04EC0-301F-11D3-BF4B-00C04F79EFBC}") = "MVC_NOC_POC", "MVC_NOC_POC.csproj", "{321E1775-AB20-4F1A-95AA-BFC501C0E13A}"
EndProject
Global
	GlobalSection(SolutionConfigurationPlatforms) = preSolution
		Debug|Any CPU = Debug|Any CPU
		Release|Any CPU = Release|Any CPU
	EndGlobalSection
	GlobalSection(ProjectConfigurationPlatforms) = postSolution
		{321E1775-AB20-4F1A-95AA-BFC501C0E13A}.Debug|Any CPU.ActiveCfg = Debug|Any CPU
		{321E1775-AB20-4F1A-95AA-BFC501C0E13A}.Debug|Any CPU.Build.0 = Debug|Any CPU
		{321E1775-AB20-4F1A-95AA-BFC501C0E13A}.Release|Any CPU.ActiveCfg = Release|Any CPU
		{321E1775-AB20-4F1A-95AA-BFC501C0E13A}.Release|Any CPU.Build.0 = Release|Any CPU
	EndGlobalSection
	GlobalSection(SolutionProperties) = preSolution
		HideSolutionNode = FALSE
	EndGlobalSection
	GlobalSection(ExtensibilityGlobals) = postSolution
		SolutionGuid = {FEE8C06A-0C7D-4B85-88AB-0FC258445F64}
	EndGlobalSection
EndGlobal
